
Microsoft Visual Studio Solution File, Format Version 12.00
# Visual Studio Version 17
VisualStudioVersion = 17.12.35707.178
MinimumVisualStudioVersion = 10.0.40219.1
Project("{FAE04EC0-301F-11D3-BF4B-00C04F79EFBC}") = "ImagoWebApplication", "ImagoWebApplication\ImagoWebApplication.csproj", "{4A2D7545-D83E-4AFF-9029-8635AE24FFED}"
EndProject
Project("{FAE04EC0-301F-11D3-BF4B-00C04F79EFBC}") = "ImagoAdmin", "ImagoAdmin\ImagoAdmin.csproj", "{7E634199-B915-4F7C-A555-46D97D61CC43}"
EndProject
Project("{FAE04EC0-301F-11D3-BF4B-00C04F79EFBC}") = "ImagoLib", "ImagoLib\ImagoLib.csproj", "{A80A49FC-91B2-4489-A764-7FBA217C89E5}"
EndProject
Project("{B7DD6F7E-DEF8-4E67-B5B7-07EF123DB6F0}") = "ImagoInstaller", "ImagoInstaller\ImagoInstaller.wixproj", "{38E6D0C9-4A44-431B-8C06-72EE11F2149D}"
EndProject
Global
	GlobalSection(SolutionConfigurationPlatforms) = preSolution
		Debug|Any CPU = Debug|Any CPU
		Debug|ARM64 = Debug|ARM64
		Debug|x64 = Debug|x64
		Debug|x86 = Debug|x86
		Release|Any CPU = Release|Any CPU
		Release|ARM64 = Release|ARM64
		Release|x64 = Release|x64
		Release|x86 = Release|x86
	EndGlobalSection
	GlobalSection(ProjectConfigurationPlatforms) = postSolution
		{4A2D7545-D83E-4AFF-9029-8635AE24FFED}.Debug|Any CPU.ActiveCfg = Debug|Any CPU
		{4A2D7545-D83E-4AFF-9029-8635AE24FFED}.Debug|Any CPU.Build.0 = Debug|Any CPU
		{4A2D7545-D83E-4AFF-9029-8635AE24FFED}.Debug|ARM64.ActiveCfg = Debug|Any CPU
		{4A2D7545-D83E-4AFF-9029-8635AE24FFED}.Debug|ARM64.Build.0 = Debug|Any CPU
		{4A2D7545-D83E-4AFF-9029-8635AE24FFED}.Debug|x64.ActiveCfg = Debug|Any CPU
		{4A2D7545-D83E-4AFF-9029-8635AE24FFED}.Debug|x64.Build.0 = Debug|Any CPU
		{4A2D7545-D83E-4AFF-9029-8635AE24FFED}.Debug|x86.ActiveCfg = Debug|Any CPU
		{4A2D7545-D83E-4AFF-9029-8635AE24FFED}.Debug|x86.Build.0 = Debug|Any CPU
		{4A2D7545-D83E-4AFF-9029-8635AE24FFED}.Release|Any CPU.ActiveCfg = Release|Any CPU
		{4A2D7545-D83E-4AFF-9029-8635AE24FFED}.Release|Any CPU.Build.0 = Release|Any CPU
		{4A2D7545-D83E-4AFF-9029-8635AE24FFED}.Release|ARM64.ActiveCfg = Release|Any CPU
		{4A2D7545-D83E-4AFF-9029-8635AE24FFED}.Release|ARM64.Build.0 = Release|Any CPU
		{4A2D7545-D83E-4AFF-9029-8635AE24FFED}.Release|x64.ActiveCfg = Release|Any CPU
		{4A2D7545-D83E-4AFF-9029-8635AE24FFED}.Release|x64.Build.0 = Release|Any CPU
		{4A2D7545-D83E-4AFF-9029-8635AE24FFED}.Release|x86.ActiveCfg = Release|Any CPU
		{4A2D7545-D83E-4AFF-9029-8635AE24FFED}.Release|x86.Build.0 = Release|Any CPU
		{7E634199-B915-4F7C-A555-46D97D61CC43}.Debug|Any CPU.ActiveCfg = Debug|Any CPU
		{7E634199-B915-4F7C-A555-46D97D61CC43}.Debug|Any CPU.Build.0 = Debug|Any CPU
		{7E634199-B915-4F7C-A555-46D97D61CC43}.Debug|ARM64.ActiveCfg = Debug|Any CPU
		{7E634199-B915-4F7C-A555-46D97D61CC43}.Debug|ARM64.Build.0 = Debug|Any CPU
		{7E634199-B915-4F7C-A555-46D97D61CC43}.Debug|x64.ActiveCfg = Debug|Any CPU
		{7E634199-B915-4F7C-A555-46D97D61CC43}.Debug|x64.Build.0 = Debug|Any CPU
		{7E634199-B915-4F7C-A555-46D97D61CC43}.Debug|x86.ActiveCfg = Debug|Any CPU
		{7E634199-B915-4F7C-A555-46D97D61CC43}.Debug|x86.Build.0 = Debug|Any CPU
		{7E634199-B915-4F7C-A555-46D97D61CC43}.Release|Any CPU.ActiveCfg = Release|Any CPU
		{7E634199-B915-4F7C-A555-46D97D61CC43}.Release|Any CPU.Build.0 = Release|Any CPU
		{7E634199-B915-4F7C-A555-46D97D61CC43}.Release|ARM64.ActiveCfg = Release|Any CPU
		{7E634199-B915-4F7C-A555-46D97D61CC43}.Release|ARM64.Build.0 = Release|Any CPU
		{7E634199-B915-4F7C-A555-46D97D61CC43}.Release|x64.ActiveCfg = Release|x64
		{7E634199-B915-4F7C-A555-46D97D61CC43}.Release|x64.Build.0 = Release|x64
		{7E634199-B915-4F7C-A555-46D97D61CC43}.Release|x86.ActiveCfg = Release|Any CPU
		{7E634199-B915-4F7C-A555-46D97D61CC43}.Release|x86.Build.0 = Release|Any CPU
		{A80A49FC-91B2-4489-A764-7FBA217C89E5}.Debug|Any CPU.ActiveCfg = Debug|Any CPU
		{A80A49FC-91B2-4489-A764-7FBA217C89E5}.Debug|Any CPU.Build.0 = Debug|Any CPU
		{A80A49FC-91B2-4489-A764-7FBA217C89E5}.Debug|ARM64.ActiveCfg = Debug|Any CPU
		{A80A49FC-91B2-4489-A764-7FBA217C89E5}.Debug|ARM64.Build.0 = Debug|Any CPU
		{A80A49FC-91B2-4489-A764-7FBA217C89E5}.Debug|x64.ActiveCfg = Debug|Any CPU
		{A80A49FC-91B2-4489-A764-7FBA217C89E5}.Debug|x64.Build.0 = Debug|Any CPU
		{A80A49FC-91B2-4489-A764-7FBA217C89E5}.Debug|x86.ActiveCfg = Debug|Any CPU
		{A80A49FC-91B2-4489-A764-7FBA217C89E5}.Debug|x86.Build.0 = Debug|Any CPU
		{A80A49FC-91B2-4489-A764-7FBA217C89E5}.Release|Any CPU.ActiveCfg = Release|Any CPU
		{A80A49FC-91B2-4489-A764-7FBA217C89E5}.Release|Any CPU.Build.0 = Release|Any CPU
		{A80A49FC-91B2-4489-A764-7FBA217C89E5}.Release|ARM64.ActiveCfg = Release|Any CPU
		{A80A49FC-91B2-4489-A764-7FBA217C89E5}.Release|ARM64.Build.0 = Release|Any CPU
		{A80A49FC-91B2-4489-A764-7FBA217C89E5}.Release|x64.ActiveCfg = Release|Any CPU
		{A80A49FC-91B2-4489-A764-7FBA217C89E5}.Release|x64.Build.0 = Release|Any CPU
		{A80A49FC-91B2-4489-A764-7FBA217C89E5}.Release|x86.ActiveCfg = Release|Any CPU
		{A80A49FC-91B2-4489-A764-7FBA217C89E5}.Release|x86.Build.0 = Release|Any CPU
		{38E6D0C9-4A44-431B-8C06-72EE11F2149D}.Debug|Any CPU.ActiveCfg = Debug|x64
		{38E6D0C9-4A44-431B-8C06-72EE11F2149D}.Debug|Any CPU.Build.0 = Debug|x64
		{38E6D0C9-4A44-431B-8C06-72EE11F2149D}.Debug|ARM64.ActiveCfg = Debug|ARM64
		{38E6D0C9-4A44-431B-8C06-72EE11F2149D}.Debug|ARM64.Build.0 = Debug|ARM64
		{38E6D0C9-4A44-431B-8C06-72EE11F2149D}.Debug|x64.ActiveCfg = Debug|x64
		{38E6D0C9-4A44-431B-8C06-72EE11F2149D}.Debug|x64.Build.0 = Debug|x64
		{38E6D0C9-4A44-431B-8C06-72EE11F2149D}.Debug|x86.ActiveCfg = Debug|x86
		{38E6D0C9-4A44-431B-8C06-72EE11F2149D}.Debug|x86.Build.0 = Debug|x86
		{38E6D0C9-4A44-431B-8C06-72EE11F2149D}.Release|Any CPU.ActiveCfg = Release|x64
		{38E6D0C9-4A44-431B-8C06-72EE11F2149D}.Release|Any CPU.Build.0 = Release|x64
		{38E6D0C9-4A44-431B-8C06-72EE11F2149D}.Release|ARM64.ActiveCfg = Release|ARM64
		{38E6D0C9-4A44-431B-8C06-72EE11F2149D}.Release|ARM64.Build.0 = Release|ARM64
		{38E6D0C9-4A44-431B-8C06-72EE11F2149D}.Release|x64.ActiveCfg = Release|x64
		{38E6D0C9-4A44-431B-8C06-72EE11F2149D}.Release|x64.Build.0 = Release|x64
		{38E6D0C9-4A44-431B-8C06-72EE11F2149D}.Release|x86.ActiveCfg = Release|x86
		{38E6D0C9-4A44-431B-8C06-72EE11F2149D}.Release|x86.Build.0 = Release|x86
	EndGlobalSection
	GlobalSection(SolutionProperties) = preSolution
		HideSolutionNode = FALSE
	EndGlobalSection
EndGlobal
