
Microsoft Visual Studio Solution File, Format Version 12.00
# Visual Studio Version 17
VisualStudioVersion = 17.12.35707.178
MinimumVisualStudioVersion = 10.0.40219.1
Project("{FAE04EC0-301F-11D3-BF4B-00C04F79EFBC}") = "ImagoWebApplication", "ImagoWebApplication\ImagoWebApplication.csproj", "{4A2D7545-D83E-4AFF-9029-8635AE24FFED}"
EndProject
Project("{FAE04EC0-301F-11D3-BF4B-00C04F79EFBC}") = "ImagoAdmin", "ImagoAdmin\ImagoAdmin.csproj", "{7E634199-B915-4F7C-A555-46D97D61CC43}"
EndProject
Project("{FAE04EC0-301F-11D3-BF4B-00C04F79EFBC}") = "ImagoLib", "ImagoLib\ImagoLib.csproj", "{A80A49FC-91B2-4489-A764-7FBA217C89E5}"
EndProject
Global
	GlobalSection(SolutionConfigurationPlatforms) = preSolution
		Debug|Any CPU = Debug|Any CPU
		Debug|x64 = Debug|x64
		Release|Any CPU = Release|Any CPU
		Release|x64 = Release|x64
	EndGlobalSection
	GlobalSection(ProjectConfigurationPlatforms) = postSolution
		{4A2D7545-D83E-4AFF-9029-8635AE24FFED}.Debug|Any CPU.ActiveCfg = Debug|Any CPU
		{4A2D7545-D83E-4AFF-9029-8635AE24FFED}.Debug|Any CPU.Build.0 = Debug|Any CPU
		{4A2D7545-D83E-4AFF-9029-8635AE24FFED}.Debug|x64.ActiveCfg = Debug|Any CPU
		{4A2D7545-D83E-4AFF-9029-8635AE24FFED}.Debug|x64.Build.0 = Debug|Any CPU
		{4A2D7545-D83E-4AFF-9029-8635AE24FFED}.Release|Any CPU.ActiveCfg = Release|Any CPU
		{4A2D7545-D83E-4AFF-9029-8635AE24FFED}.Release|Any CPU.Build.0 = Release|Any CPU
		{4A2D7545-D83E-4AFF-9029-8635AE24FFED}.Release|x64.ActiveCfg = Release|Any CPU
		{4A2D7545-D83E-4AFF-9029-8635AE24FFED}.Release|x64.Build.0 = Release|Any CPU
		{7E634199-B915-4F7C-A555-46D97D61CC43}.Debug|Any CPU.ActiveCfg = Debug|Any CPU
		{7E634199-B915-4F7C-A555-46D97D61CC43}.Debug|Any CPU.Build.0 = Debug|Any CPU
		{7E634199-B915-4F7C-A555-46D97D61CC43}.Debug|x64.ActiveCfg = Debug|Any CPU
		{7E634199-B915-4F7C-A555-46D97D61CC43}.Debug|x64.Build.0 = Debug|Any CPU
		{7E634199-B915-4F7C-A555-46D97D61CC43}.Release|Any CPU.ActiveCfg = Release|Any CPU
		{7E634199-B915-4F7C-A555-46D97D61CC43}.Release|Any CPU.Build.0 = Release|Any CPU
		{7E634199-B915-4F7C-A555-46D97D61CC43}.Release|x64.ActiveCfg = Release|x64
		{7E634199-B915-4F7C-A555-46D97D61CC43}.Release|x64.Build.0 = Release|x64
		{A80A49FC-91B2-4489-A764-7FBA217C89E5}.Debug|Any CPU.ActiveCfg = Debug|Any CPU
		{A80A49FC-91B2-4489-A764-7FBA217C89E5}.Debug|Any CPU.Build.0 = Debug|Any CPU
		{A80A49FC-91B2-4489-A764-7FBA217C89E5}.Debug|x64.ActiveCfg = Debug|Any CPU
		{A80A49FC-91B2-4489-A764-7FBA217C89E5}.Debug|x64.Build.0 = Debug|Any CPU
		{A80A49FC-91B2-4489-A764-7FBA217C89E5}.Release|Any CPU.ActiveCfg = Release|Any CPU
		{A80A49FC-91B2-4489-A764-7FBA217C89E5}.Release|Any CPU.Build.0 = Release|Any CPU
		{A80A49FC-91B2-4489-A764-7FBA217C89E5}.Release|x64.ActiveCfg = Release|Any CPU
		{A80A49FC-91B2-4489-A764-7FBA217C89E5}.Release|x64.Build.0 = Release|Any CPU
	EndGlobalSection
	GlobalSection(SolutionProperties) = preSolution
		HideSolutionNode = FALSE
	EndGlobalSection
EndGlobal
